
Microsoft Visual Studio Solution File, Format Version 12.00
# Visual Studio Version 17
VisualStudioVersion = 17.0.31903.59
MinimumVisualStudioVersion = 10.0.40219.1
Project("{FAE04EC0-301F-11D3-BF4B-00C04F79EFBC}") = "FrontEnd-Tests", "FrontEnd-Tests\FrontEnd-Tests.csproj", "{DA4382BB-3C7E-43CA-B6CA-15B084B9EA57}"
EndProject
Project("{FAE04EC0-301F-11D3-BF4B-00C04F79EFBC}") = "FrontEnd", "FrontEnd\FrontEnd.csproj", "{C7A0DA18-40A2-4C0A-B798-12710BB33C69}"
EndProject
Global
	GlobalSection(SolutionConfigurationPlatforms) = preSolution
		Debug|Any CPU = Debug|Any CPU
		Release|Any CPU = Release|Any CPU
	EndGlobalSection
	GlobalSection(SolutionProperties) = preSolution
		HideSolutionNode = FALSE
	EndGlobalSection
	GlobalSection(ProjectConfigurationPlatforms) = postSolution
		{DA4382BB-3C7E-43CA-B6CA-15B084B9EA57}.Debug|Any CPU.ActiveCfg = Debug|Any CPU
		{DA4382BB-3C7E-43CA-B6CA-15B084B9EA57}.Debug|Any CPU.Build.0 = Debug|Any CPU
		{DA4382BB-3C7E-43CA-B6CA-15B084B9EA57}.Release|Any CPU.ActiveCfg = Release|Any CPU
		{DA4382BB-3C7E-43CA-B6CA-15B084B9EA57}.Release|Any CPU.Build.0 = Release|Any CPU
		{C7A0DA18-40A2-4C0A-B798-12710BB33C69}.Debug|Any CPU.ActiveCfg = Debug|Any CPU
		{C7A0DA18-40A2-4C0A-B798-12710BB33C69}.Debug|Any CPU.Build.0 = Debug|Any CPU
		{C7A0DA18-40A2-4C0A-B798-12710BB33C69}.Release|Any CPU.ActiveCfg = Release|Any CPU
		{C7A0DA18-40A2-4C0A-B798-12710BB33C69}.Release|Any CPU.Build.0 = Release|Any CPU
	EndGlobalSection
EndGlobal
